
Microsoft Visual Studio Solution File, Format Version 12.00
# Visual Studio Version 17
VisualStudioVersion = 17.2.32526.322
MinimumVisualStudioVersion = 10.0.40219.1
Project("{FAE04EC0-301F-11D3-BF4B-00C04F79EFBC}") = "DamageModifier", "DamageModifier.csproj", "{292D1173-C3CC-448A-A942-5808AF2B9284}"
EndProject
Project("{2150E333-8FDC-42A3-9474-1A3956D46DE8}") = "Solution Files", "Solution Files", "{691CD643-E11B-4682-92E7-7F0B0574681A}"
	ProjectSection(SolutionItems) = preProject
		.github\workflows\build.yml = .github\workflows\build.yml
		README.md = README.md
	EndProjectSection
EndProject
Global
	GlobalSection(SolutionConfigurationPlatforms) = preSolution
		Debug|Any CPU = Debug|Any CPU
		Release|Any CPU = Release|Any CPU
	EndGlobalSection
	GlobalSection(ProjectConfigurationPlatforms) = postSolution
		{292D1173-C3CC-448A-A942-5808AF2B9284}.Debug|Any CPU.ActiveCfg = Debug|Any CPU
		{292D1173-C3CC-448A-A942-5808AF2B9284}.Debug|Any CPU.Build.0 = Debug|Any CPU
		{292D1173-C3CC-448A-A942-5808AF2B9284}.Release|Any CPU.ActiveCfg = Release|Any CPU
		{292D1173-C3CC-448A-A942-5808AF2B9284}.Release|Any CPU.Build.0 = Release|Any CPU
	EndGlobalSection
	GlobalSection(SolutionProperties) = preSolution
		HideSolutionNode = FALSE
	EndGlobalSection
	GlobalSection(ExtensibilityGlobals) = postSolution
		SolutionGuid = {2822C7CA-F8BD-48D1-A04E-41A9058B48C7}
	EndGlobalSection
EndGlobal
